
Microsoft Visual Studio Solution File, Format Version 12.00
Project("{FAE04EC0-301F-11D3-BF4B-00C04F79EFBC}") = "FFmpeg.AutoGen.Samples", "FFmpeg.AutoGen.Samples\FFmpeg.AutoGen.Samples.csproj", "{BE67D7DB-CE32-4D28-A0B5-453EED886005}"
EndProject
Global
	GlobalSection(SolutionConfigurationPlatforms) = preSolution
		Debug|Any CPU = Debug|Any CPU
		Release|Any CPU = Release|Any CPU
	EndGlobalSection
	GlobalSection(ProjectConfigurationPlatforms) = postSolution
		{BE67D7DB-CE32-4D28-A0B5-453EED886005}.Debug|Any CPU.ActiveCfg = Debug|Any CPU
		{BE67D7DB-CE32-4D28-A0B5-453EED886005}.Debug|Any CPU.Build.0 = Debug|Any CPU
		{BE67D7DB-CE32-4D28-A0B5-453EED886005}.Release|Any CPU.ActiveCfg = Release|Any CPU
		{BE67D7DB-CE32-4D28-A0B5-453EED886005}.Release|Any CPU.Build.0 = Release|Any CPU
	EndGlobalSection
EndGlobal
